
Microsoft Visual Studio Solution File, Format Version 12.00
# Visual Studio Version 16
VisualStudioVersion = 16.0.29424.173
MinimumVisualStudioVersion = 10.0.40219.1
Project("{FAE04EC0-301F-11D3-BF4B-00C04F79EFBC}") = "AyudandoAlProjimo.Web", "TpIntegrador\AyudandoAlProjimo.Web.csproj", "{BC532B72-6797-4588-AB09-B3DC46C92DDF}"
EndProject
Project("{FAE04EC0-301F-11D3-BF4B-00C04F79EFBC}") = "AyudandoAlProjimo.Data", "AyudandoAlProjimo.Data\AyudandoAlProjimo.Data.csproj", "{603A342A-B4E4-46DC-BFF6-1F1F783F82F5}"
EndProject
Project("{FAE04EC0-301F-11D3-BF4B-00C04F79EFBC}") = "AyudandoAlProjimo.Services", "AyudandoAlProjimo.Services\AyudandoAlProjimo.Services.csproj", "{4740FA29-9A0A-4EF4-9988-4798FB4D5212}"
EndProject
Global
	GlobalSection(SolutionConfigurationPlatforms) = preSolution
		Debug|Any CPU = Debug|Any CPU
		Release|Any CPU = Release|Any CPU
	EndGlobalSection
	GlobalSection(ProjectConfigurationPlatforms) = postSolution
		{BC532B72-6797-4588-AB09-B3DC46C92DDF}.Debug|Any CPU.ActiveCfg = Debug|Any CPU
		{BC532B72-6797-4588-AB09-B3DC46C92DDF}.Debug|Any CPU.Build.0 = Debug|Any CPU
		{BC532B72-6797-4588-AB09-B3DC46C92DDF}.Release|Any CPU.ActiveCfg = Release|Any CPU
		{BC532B72-6797-4588-AB09-B3DC46C92DDF}.Release|Any CPU.Build.0 = Release|Any CPU
		{603A342A-B4E4-46DC-BFF6-1F1F783F82F5}.Debug|Any CPU.ActiveCfg = Debug|Any CPU
		{603A342A-B4E4-46DC-BFF6-1F1F783F82F5}.Debug|Any CPU.Build.0 = Debug|Any CPU
		{603A342A-B4E4-46DC-BFF6-1F1F783F82F5}.Release|Any CPU.ActiveCfg = Release|Any CPU
		{603A342A-B4E4-46DC-BFF6-1F1F783F82F5}.Release|Any CPU.Build.0 = Release|Any CPU
		{4740FA29-9A0A-4EF4-9988-4798FB4D5212}.Debug|Any CPU.ActiveCfg = Debug|Any CPU
		{4740FA29-9A0A-4EF4-9988-4798FB4D5212}.Debug|Any CPU.Build.0 = Debug|Any CPU
		{4740FA29-9A0A-4EF4-9988-4798FB4D5212}.Release|Any CPU.ActiveCfg = Release|Any CPU
		{4740FA29-9A0A-4EF4-9988-4798FB4D5212}.Release|Any CPU.Build.0 = Release|Any CPU
	EndGlobalSection
	GlobalSection(SolutionProperties) = preSolution
		HideSolutionNode = FALSE
	EndGlobalSection
	GlobalSection(ExtensibilityGlobals) = postSolution
		SolutionGuid = {9A9D3420-2514-48E7-94CB-298B7752F3B3}
	EndGlobalSection
EndGlobal
